// !$*UTF8*$!
{
	archiveVersion = 1;
	classes = {
	};
	objectVersion = 56;
	objects = {

/* Begin PBXBuildFile section */
		A33187132B10DAD8006445E4 /* MiniBookPlayerApp.swift in Sources */ = {isa = PBXBuildFile; fileRef = A33187122B10DAD8006445E4 /* MiniBookPlayerApp.swift */; };
		A33187152B10DAD8006445E4 /* ContentView.swift in Sources */ = {isa = PBXBuildFile; fileRef = A33187142B10DAD8006445E4 /* ContentView.swift */; };
		A33187172B10DADA006445E4 /* Assets.xcassets in Resources */ = {isa = PBXBuildFile; fileRef = A33187162B10DADA006445E4 /* Assets.xcassets */; };
		A331871B2B10DADA006445E4 /* Preview Assets.xcassets in Resources */ = {isa = PBXBuildFile; fileRef = A331871A2B10DADA006445E4 /* Preview Assets.xcassets */; };
		A331873F2B10DBDD006445E4 /* ComposableArchitecture in Frameworks */ = {isa = PBXBuildFile; productRef = A331873E2B10DBDD006445E4 /* ComposableArchitecture */; };
		A33187432B13A494006445E4 /* Fables by Glibov.bundle in Resources */ = {isa = PBXBuildFile; fileRef = A33187422B13A494006445E4 /* Fables by Glibov.bundle */; };
		A33187462B1404D2006445E4 /* PlayerService.swift in Sources */ = {isa = PBXBuildFile; fileRef = A33187452B1404D2006445E4 /* PlayerService.swift */; };
		A33187482B14069C006445E4 /* AudioPlayerFeature.swift in Sources */ = {isa = PBXBuildFile; fileRef = A33187472B14069C006445E4 /* AudioPlayerFeature.swift */; };
		A331874B2B140962006445E4 /* ActionButton.swift in Sources */ = {isa = PBXBuildFile; fileRef = A331874A2B140962006445E4 /* ActionButton.swift */; };
		A331874D2B14097A006445E4 /* SnackbarView.swift in Sources */ = {isa = PBXBuildFile; fileRef = A331874C2B14097A006445E4 /* SnackbarView.swift */; };
		A331874F2B1409C9006445E4 /* Utility.swift in Sources */ = {isa = PBXBuildFile; fileRef = A331874E2B1409C9006445E4 /* Utility.swift */; };
		A33187542B149DAA006445E4 /* ActionBar.swift in Sources */ = {isa = PBXBuildFile; fileRef = A33187532B149DAA006445E4 /* ActionBar.swift */; };
		A37829C52D64D1AE0068C951 /* PlayerServiceTests.swift in Sources */ = {isa = PBXBuildFile; fileRef = A37829C42D64D1AE0068C951 /* PlayerServiceTests.swift */; };
		A37829C92D64D4D60068C951 /* BooksClient.swift in Sources */ = {isa = PBXBuildFile; fileRef = A37829C82D64D4D60068C951 /* BooksClient.swift */; };
		A37829CD2D64D5B20068C951 /* BookServiceTests.swift in Sources */ = {isa = PBXBuildFile; fileRef = A37829CC2D64D5B20068C951 /* BookServiceTests.swift */; };
		A380B3082D66288500A97E8A /* Book.swift in Sources */ = {isa = PBXBuildFile; fileRef = A380B3062D66288500A97E8A /* Book.swift */; };
/* End PBXBuildFile section */

/* Begin PBXContainerItemProxy section */
		A33187212B10DADA006445E4 /* PBXContainerItemProxy */ = {
			isa = PBXContainerItemProxy;
			containerPortal = A33187072B10DAD8006445E4 /* Project object */;
			proxyType = 1;
			remoteGlobalIDString = A331870E2B10DAD8006445E4;
			remoteInfo = MiniBookListener;
		};
/* End PBXContainerItemProxy section */

/* Begin PBXFileReference section */
		A331870F2B10DAD8006445E4 /* MiniBookPlayer.app */ = {isa = PBXFileReference; explicitFileType = wrapper.application; includeInIndex = 0; path = MiniBookPlayer.app; sourceTree = BUILT_PRODUCTS_DIR; };
		A33187122B10DAD8006445E4 /* MiniBookPlayerApp.swift */ = {isa = PBXFileReference; lastKnownFileType = sourcecode.swift; path = MiniBookPlayerApp.swift; sourceTree = "<group>"; };
		A33187142B10DAD8006445E4 /* ContentView.swift */ = {isa = PBXFileReference; lastKnownFileType = sourcecode.swift; path = ContentView.swift; sourceTree = "<group>"; };
		A33187162B10DADA006445E4 /* Assets.xcassets */ = {isa = PBXFileReference; lastKnownFileType = folder.assetcatalog; path = Assets.xcassets; sourceTree = "<group>"; };
		A33187182B10DADA006445E4 /* MiniBookPlayer.entitlements */ = {isa = PBXFileReference; lastKnownFileType = text.plist.entitlements; path = MiniBookPlayer.entitlements; sourceTree = "<group>"; };
		A331871A2B10DADA006445E4 /* Preview Assets.xcassets */ = {isa = PBXFileReference; lastKnownFileType = folder.assetcatalog; path = "Preview Assets.xcassets"; sourceTree = "<group>"; };
		A33187202B10DADA006445E4 /* MiniBookPlayerTests.xctest */ = {isa = PBXFileReference; explicitFileType = wrapper.cfbundle; includeInIndex = 0; path = MiniBookPlayerTests.xctest; sourceTree = BUILT_PRODUCTS_DIR; };
		A33187422B13A494006445E4 /* Fables by Glibov.bundle */ = {isa = PBXFileReference; lastKnownFileType = "wrapper.plug-in"; path = "Fables by Glibov.bundle"; sourceTree = "<group>"; };
		A33187452B1404D2006445E4 /* PlayerService.swift */ = {isa = PBXFileReference; lastKnownFileType = sourcecode.swift; path = PlayerService.swift; sourceTree = "<group>"; };
		A33187472B14069C006445E4 /* AudioPlayerFeature.swift */ = {isa = PBXFileReference; lastKnownFileType = sourcecode.swift; path = AudioPlayerFeature.swift; sourceTree = "<group>"; };
		A331874A2B140962006445E4 /* ActionButton.swift */ = {isa = PBXFileReference; lastKnownFileType = sourcecode.swift; path = ActionButton.swift; sourceTree = "<group>"; };
		A331874C2B14097A006445E4 /* SnackbarView.swift */ = {isa = PBXFileReference; lastKnownFileType = sourcecode.swift; path = SnackbarView.swift; sourceTree = "<group>"; };
		A331874E2B1409C9006445E4 /* Utility.swift */ = {isa = PBXFileReference; lastKnownFileType = sourcecode.swift; path = Utility.swift; sourceTree = "<group>"; };
		A33187532B149DAA006445E4 /* ActionBar.swift */ = {isa = PBXFileReference; lastKnownFileType = sourcecode.swift; path = ActionBar.swift; sourceTree = "<group>"; };
		A37829C42D64D1AE0068C951 /* PlayerServiceTests.swift */ = {isa = PBXFileReference; lastKnownFileType = sourcecode.swift; path = PlayerServiceTests.swift; sourceTree = "<group>"; };
		A37829C82D64D4D60068C951 /* BooksClient.swift */ = {isa = PBXFileReference; lastKnownFileType = sourcecode.swift; path = BooksClient.swift; sourceTree = "<group>"; };
		A37829CC2D64D5B20068C951 /* BookServiceTests.swift */ = {isa = PBXFileReference; lastKnownFileType = sourcecode.swift; path = BookServiceTests.swift; sourceTree = "<group>"; };
		A380B3062D66288500A97E8A /* Book.swift */ = {isa = PBXFileReference; lastKnownFileType = sourcecode.swift; path = Book.swift; sourceTree = "<group>"; };
		A3DEB2F92D675D5D0068B6DE /* Info.plist */ = {isa = PBXFileReference; lastKnownFileType = text.plist; path = Info.plist; sourceTree = "<group>"; };
/* End PBXFileReference section */

/* Begin PBXFrameworksBuildPhase section */
		A331870C2B10DAD8006445E4 /* Frameworks */ = {
			isa = PBXFrameworksBuildPhase;
			buildActionMask = 2147483647;
			files = (
				A331873F2B10DBDD006445E4 /* ComposableArchitecture in Frameworks */,
			);
			runOnlyForDeploymentPostprocessing = 0;
		};
		A331871D2B10DADA006445E4 /* Frameworks */ = {
			isa = PBXFrameworksBuildPhase;
			buildActionMask = 2147483647;
			files = (
			);
			runOnlyForDeploymentPostprocessing = 0;
		};
/* End PBXFrameworksBuildPhase section */

/* Begin PBXGroup section */
		A33187062B10DAD8006445E4 = {
			isa = PBXGroup;
			children = (
				A33187112B10DAD8006445E4 /* MiniBookPlayer */,
				A33187232B10DADA006445E4 /* MiniBookPlayerTests */,
				A33187102B10DAD8006445E4 /* Products */,
			);
			sourceTree = "<group>";
		};
		A33187102B10DAD8006445E4 /* Products */ = {
			isa = PBXGroup;
			children = (
				A331870F2B10DAD8006445E4 /* MiniBookPlayer.app */,
				A33187202B10DADA006445E4 /* MiniBookPlayerTests.xctest */,
			);
			name = Products;
			sourceTree = "<group>";
		};
		A33187112B10DAD8006445E4 /* MiniBookPlayer */ = {
			isa = PBXGroup;
			children = (
				A3DEB2F92D675D5D0068B6DE /* Info.plist */,
				A380B3072D66288500A97E8A /* Model */,
				A37829C72D64D4640068C951 /* Services */,
				A33187502B1409D4006445E4 /* Resources */,
				A33187492B14094A006445E4 /* Views */,
				A33187442B140435006445E4 /* AudioPlayer */,
				A33187122B10DAD8006445E4 /* MiniBookPlayerApp.swift */,
				A33187142B10DAD8006445E4 /* ContentView.swift */,
				A33187162B10DADA006445E4 /* Assets.xcassets */,
				A33187182B10DADA006445E4 /* MiniBookPlayer.entitlements */,
				A33187192B10DADA006445E4 /* Preview Content */,
				A331874E2B1409C9006445E4 /* Utility.swift */,
			);
			path = MiniBookPlayer;
			sourceTree = "<group>";
		};
		A33187192B10DADA006445E4 /* Preview Content */ = {
			isa = PBXGroup;
			children = (
				A331871A2B10DADA006445E4 /* Preview Assets.xcassets */,
			);
			path = "Preview Content";
			sourceTree = "<group>";
		};
		A33187232B10DADA006445E4 /* MiniBookPlayerTests */ = {
			isa = PBXGroup;
			children = (
				A37829CC2D64D5B20068C951 /* BookServiceTests.swift */,
				A37829C42D64D1AE0068C951 /* PlayerServiceTests.swift */,
			);
			path = MiniBookPlayerTests;
			sourceTree = "<group>";
		};
		A33187442B140435006445E4 /* AudioPlayer */ = {
			isa = PBXGroup;
			children = (
				A33187472B14069C006445E4 /* AudioPlayerFeature.swift */,
			);
			path = AudioPlayer;
			sourceTree = "<group>";
		};
		A33187492B14094A006445E4 /* Views */ = {
			isa = PBXGroup;
			children = (
				A331874A2B140962006445E4 /* ActionButton.swift */,
				A331874C2B14097A006445E4 /* SnackbarView.swift */,
				A33187532B149DAA006445E4 /* ActionBar.swift */,
			);
			path = Views;
			sourceTree = "<group>";
		};
		A33187502B1409D4006445E4 /* Resources */ = {
			isa = PBXGroup;
			children = (
				A33187422B13A494006445E4 /* Fables by Glibov.bundle */,
			);
			path = Resources;
			sourceTree = "<group>";
		};
		A37829C72D64D4640068C951 /* Services */ = {
			isa = PBXGroup;
			children = (
				A37829C82D64D4D60068C951 /* BooksClient.swift */,
				A33187452B1404D2006445E4 /* PlayerService.swift */,
			);
			path = Services;
			sourceTree = "<group>";
		};
		A380B3072D66288500A97E8A /* Model */ = {
			isa = PBXGroup;
			children = (
				A380B3062D66288500A97E8A /* Book.swift */,
			);
			path = Model;
			sourceTree = "<group>";
		};
/* End PBXGroup section */

/* Begin PBXNativeTarget section */
		A331870E2B10DAD8006445E4 /* MiniBookPlayer */ = {
			isa = PBXNativeTarget;
			buildConfigurationList = A33187342B10DADA006445E4 /* Build configuration list for PBXNativeTarget "MiniBookPlayer" */;
			buildPhases = (
				A331870B2B10DAD8006445E4 /* Sources */,
				A331870C2B10DAD8006445E4 /* Frameworks */,
				A331870D2B10DAD8006445E4 /* Resources */,
			);
			buildRules = (
			);
			dependencies = (
			);
			name = MiniBookPlayer;
			packageProductDependencies = (
				A331873E2B10DBDD006445E4 /* ComposableArchitecture */,
			);
			productName = MiniBookListener;
			productReference = A331870F2B10DAD8006445E4 /* MiniBookPlayer.app */;
			productType = "com.apple.product-type.application";
		};
		A331871F2B10DADA006445E4 /* MiniBookPlayerTests */ = {
			isa = PBXNativeTarget;
			buildConfigurationList = A33187372B10DADA006445E4 /* Build configuration list for PBXNativeTarget "MiniBookPlayerTests" */;
			buildPhases = (
				A331871C2B10DADA006445E4 /* Sources */,
				A331871D2B10DADA006445E4 /* Frameworks */,
				A331871E2B10DADA006445E4 /* Resources */,
			);
			buildRules = (
			);
			dependencies = (
				A33187222B10DADA006445E4 /* PBXTargetDependency */,
			);
			name = MiniBookPlayerTests;
			productName = MiniBookListenerTests;
			productReference = A33187202B10DADA006445E4 /* MiniBookPlayerTests.xctest */;
			productType = "com.apple.product-type.bundle.unit-test";
		};
/* End PBXNativeTarget section */

/* Begin PBXProject section */
		A33187072B10DAD8006445E4 /* Project object */ = {
			isa = PBXProject;
			attributes = {
				BuildIndependentTargetsInParallel = 1;
				LastSwiftUpdateCheck = 1500;
				LastUpgradeCheck = 1500;
				TargetAttributes = {
					A331870E2B10DAD8006445E4 = {
						CreatedOnToolsVersion = 15.0;
					};
					A331871F2B10DADA006445E4 = {
						CreatedOnToolsVersion = 15.0;
						TestTargetID = A331870E2B10DAD8006445E4;
					};
				};
			};
			buildConfigurationList = A331870A2B10DAD8006445E4 /* Build configuration list for PBXProject "MiniBookPlayer" */;
			compatibilityVersion = "Xcode 14.0";
			developmentRegion = en;
			hasScannedForEncodings = 0;
			knownRegions = (
				en,
				Base,
			);
			mainGroup = A33187062B10DAD8006445E4;
			packageReferences = (
				A331873D2B10DBDD006445E4 /* XCRemoteSwiftPackageReference "swift-composable-architecture" */,
			);
			productRefGroup = A33187102B10DAD8006445E4 /* Products */;
			projectDirPath = "";
			projectRoot = "";
			targets = (
				A331870E2B10DAD8006445E4 /* MiniBookPlayer */,
				A331871F2B10DADA006445E4 /* MiniBookPlayerTests */,
			);
		};
/* End PBXProject section */

/* Begin PBXResourcesBuildPhase section */
		A331870D2B10DAD8006445E4 /* Resources */ = {
			isa = PBXResourcesBuildPhase;
			buildActionMask = 2147483647;
			files = (
				A33187432B13A494006445E4 /* Fables by Glibov.bundle in Resources */,
				A331871B2B10DADA006445E4 /* Preview Assets.xcassets in Resources */,
				A33187172B10DADA006445E4 /* Assets.xcassets in Resources */,
			);
			runOnlyForDeploymentPostprocessing = 0;
		};
		A331871E2B10DADA006445E4 /* Resources */ = {
			isa = PBXResourcesBuildPhase;
			buildActionMask = 2147483647;
			files = (
			);
			runOnlyForDeploymentPostprocessing = 0;
		};
/* End PBXResourcesBuildPhase section */

/* Begin PBXSourcesBuildPhase section */
		A331870B2B10DAD8006445E4 /* Sources */ = {
			isa = PBXSourcesBuildPhase;
			buildActionMask = 2147483647;
			files = (
				A331874F2B1409C9006445E4 /* Utility.swift in Sources */,
				A33187462B1404D2006445E4 /* PlayerService.swift in Sources */,
				A331874D2B14097A006445E4 /* SnackbarView.swift in Sources */,
				A33187152B10DAD8006445E4 /* ContentView.swift in Sources */,
				A37829C92D64D4D60068C951 /* BooksClient.swift in Sources */,
				A33187482B14069C006445E4 /* AudioPlayerFeature.swift in Sources */,
				A33187542B149DAA006445E4 /* ActionBar.swift in Sources */,
				A33187132B10DAD8006445E4 /* MiniBookPlayerApp.swift in Sources */,
				A380B3082D66288500A97E8A /* Book.swift in Sources */,
				A331874B2B140962006445E4 /* ActionButton.swift in Sources */,
			);
			runOnlyForDeploymentPostprocessing = 0;
		};
		A331871C2B10DADA006445E4 /* Sources */ = {
			isa = PBXSourcesBuildPhase;
			buildActionMask = 2147483647;
			files = (
				A37829CD2D64D5B20068C951 /* BookServiceTests.swift in Sources */,
				A37829C52D64D1AE0068C951 /* PlayerServiceTests.swift in Sources */,
			);
			runOnlyForDeploymentPostprocessing = 0;
		};
/* End PBXSourcesBuildPhase section */

/* Begin PBXTargetDependency section */
		A33187222B10DADA006445E4 /* PBXTargetDependency */ = {
			isa = PBXTargetDependency;
			target = A331870E2B10DAD8006445E4 /* MiniBookPlayer */;
			targetProxy = A33187212B10DADA006445E4 /* PBXContainerItemProxy */;
		};
/* End PBXTargetDependency section */

/* Begin XCBuildConfiguration section */
		A33187322B10DADA006445E4 /* Debug */ = {
			isa = XCBuildConfiguration;
			buildSettings = {
				ALWAYS_SEARCH_USER_PATHS = NO;
				ASSETCATALOG_COMPILER_GENERATE_SWIFT_ASSET_SYMBOL_EXTENSIONS = YES;
				CLANG_ANALYZER_NONNULL = YES;
				CLANG_ANALYZER_NUMBER_OBJECT_CONVERSION = YES_AGGRESSIVE;
				CLANG_CXX_LANGUAGE_STANDARD = "gnu++20";
				CLANG_ENABLE_MODULES = YES;
				CLANG_ENABLE_OBJC_ARC = YES;
				CLANG_ENABLE_OBJC_WEAK = YES;
				CLANG_WARN_BLOCK_CAPTURE_AUTORELEASING = YES;
				CLANG_WARN_BOOL_CONVERSION = YES;
				CLANG_WARN_COMMA = YES;
				CLANG_WARN_CONSTANT_CONVERSION = YES;
				CLANG_WARN_DEPRECATED_OBJC_IMPLEMENTATIONS = YES;
				CLANG_WARN_DIRECT_OBJC_ISA_USAGE = YES_ERROR;
				CLANG_WARN_DOCUMENTATION_COMMENTS = YES;
				CLANG_WARN_EMPTY_BODY = YES;
				CLANG_WARN_ENUM_CONVERSION = YES;
				CLANG_WARN_INFINITE_RECURSION = YES;
				CLANG_WARN_INT_CONVERSION = YES;
				CLANG_WARN_NON_LITERAL_NULL_CONVERSION = YES;
				CLANG_WARN_OBJC_IMPLICIT_RETAIN_SELF = YES;
				CLANG_WARN_OBJC_LITERAL_CONVERSION = YES;
				CLANG_WARN_OBJC_ROOT_CLASS = YES_ERROR;
				CLANG_WARN_QUOTED_INCLUDE_IN_FRAMEWORK_HEADER = YES;
				CLANG_WARN_RANGE_LOOP_ANALYSIS = YES;
				CLANG_WARN_STRICT_PROTOTYPES = YES;
				CLANG_WARN_SUSPICIOUS_MOVE = YES;
				CLANG_WARN_UNGUARDED_AVAILABILITY = YES_AGGRESSIVE;
				CLANG_WARN_UNREACHABLE_CODE = YES;
				CLANG_WARN__DUPLICATE_METHOD_MATCH = YES;
				COPY_PHASE_STRIP = NO;
				DEBUG_INFORMATION_FORMAT = dwarf;
				ENABLE_STRICT_OBJC_MSGSEND = YES;
				ENABLE_TESTABILITY = YES;
				ENABLE_USER_SCRIPT_SANDBOXING = YES;
				GCC_C_LANGUAGE_STANDARD = gnu17;
				GCC_DYNAMIC_NO_PIC = NO;
				GCC_NO_COMMON_BLOCKS = YES;
				GCC_OPTIMIZATION_LEVEL = 0;
				GCC_PREPROCESSOR_DEFINITIONS = (
					"DEBUG=1",
					"$(inherited)",
				);
				GCC_WARN_64_TO_32_BIT_CONVERSION = YES;
				GCC_WARN_ABOUT_RETURN_TYPE = YES_ERROR;
				GCC_WARN_UNDECLARED_SELECTOR = YES;
				GCC_WARN_UNINITIALIZED_AUTOS = YES_AGGRESSIVE;
				GCC_WARN_UNUSED_FUNCTION = YES;
				GCC_WARN_UNUSED_VARIABLE = YES;
				LOCALIZATION_PREFERS_STRING_CATALOGS = YES;
				MTL_ENABLE_DEBUG_INFO = INCLUDE_SOURCE;
				MTL_FAST_MATH = YES;
				ONLY_ACTIVE_ARCH = YES;
				SWIFT_ACTIVE_COMPILATION_CONDITIONS = "DEBUG $(inherited)";
				SWIFT_OPTIMIZATION_LEVEL = "-Onone";
			};
			name = Debug;
		};
		A33187332B10DADA006445E4 /* Release */ = {
			isa = XCBuildConfiguration;
			buildSettings = {
				ALWAYS_SEARCH_USER_PATHS = NO;
				ASSETCATALOG_COMPILER_GENERATE_SWIFT_ASSET_SYMBOL_EXTENSIONS = YES;
				CLANG_ANALYZER_NONNULL = YES;
				CLANG_ANALYZER_NUMBER_OBJECT_CONVERSION = YES_AGGRESSIVE;
				CLANG_CXX_LANGUAGE_STANDARD = "gnu++20";
				CLANG_ENABLE_MODULES = YES;
				CLANG_ENABLE_OBJC_ARC = YES;
				CLANG_ENABLE_OBJC_WEAK = YES;
				CLANG_WARN_BLOCK_CAPTURE_AUTORELEASING = YES;
				CLANG_WARN_BOOL_CONVERSION = YES;
				CLANG_WARN_COMMA = YES;
				CLANG_WARN_CONSTANT_CONVERSION = YES;
				CLANG_WARN_DEPRECATED_OBJC_IMPLEMENTATIONS = YES;
				CLANG_WARN_DIRECT_OBJC_ISA_USAGE = YES_ERROR;
				CLANG_WARN_DOCUMENTATION_COMMENTS = YES;
				CLANG_WARN_EMPTY_BODY = YES;
				CLANG_WARN_ENUM_CONVERSION = YES;
				CLANG_WARN_INFINITE_RECURSION = YES;
				CLANG_WARN_INT_CONVERSION = YES;
				CLANG_WARN_NON_LITERAL_NULL_CONVERSION = YES;
				CLANG_WARN_OBJC_IMPLICIT_RETAIN_SELF = YES;
				CLANG_WARN_OBJC_LITERAL_CONVERSION = YES;
				CLANG_WARN_OBJC_ROOT_CLASS = YES_ERROR;
				CLANG_WARN_QUOTED_INCLUDE_IN_FRAMEWORK_HEADER = YES;
				CLANG_WARN_RANGE_LOOP_ANALYSIS = YES;
				CLANG_WARN_STRICT_PROTOTYPES = YES;
				CLANG_WARN_SUSPICIOUS_MOVE = YES;
				CLANG_WARN_UNGUARDED_AVAILABILITY = YES_AGGRESSIVE;
				CLANG_WARN_UNREACHABLE_CODE = YES;
				CLANG_WARN__DUPLICATE_METHOD_MATCH = YES;
				COPY_PHASE_STRIP = NO;
				DEBUG_INFORMATION_FORMAT = "dwarf-with-dsym";
				ENABLE_NS_ASSERTIONS = NO;
				ENABLE_STRICT_OBJC_MSGSEND = YES;
				ENABLE_USER_SCRIPT_SANDBOXING = YES;
				GCC_C_LANGUAGE_STANDARD = gnu17;
				GCC_NO_COMMON_BLOCKS = YES;
				GCC_WARN_64_TO_32_BIT_CONVERSION = YES;
				GCC_WARN_ABOUT_RETURN_TYPE = YES_ERROR;
				GCC_WARN_UNDECLARED_SELECTOR = YES;
				GCC_WARN_UNINITIALIZED_AUTOS = YES_AGGRESSIVE;
				GCC_WARN_UNUSED_FUNCTION = YES;
				GCC_WARN_UNUSED_VARIABLE = YES;
				LOCALIZATION_PREFERS_STRING_CATALOGS = YES;
				MTL_ENABLE_DEBUG_INFO = NO;
				MTL_FAST_MATH = YES;
				SWIFT_COMPILATION_MODE = wholemodule;
			};
			name = Release;
		};
		A33187352B10DADA006445E4 /* Debug */ = {
			isa = XCBuildConfiguration;
			buildSettings = {
				ASSETCATALOG_COMPILER_APPICON_NAME = AppIcon;
				ASSETCATALOG_COMPILER_GLOBAL_ACCENT_COLOR_NAME = AccentColor;
				CODE_SIGN_ENTITLEMENTS = MiniBookPlayer/MiniBookPlayer.entitlements;
				CODE_SIGN_STYLE = Automatic;
				CURRENT_PROJECT_VERSION = 1;
				DEVELOPMENT_ASSET_PATHS = "\"MiniBookPlayer/Preview Content\"";
				DEVELOPMENT_TEAM = TGE7YRQW2V;
				ENABLE_HARDENED_RUNTIME = YES;
				ENABLE_PREVIEWS = YES;
				GENERATE_INFOPLIST_FILE = YES;
				INFOPLIST_FILE = MiniBookPlayer/Info.plist;
				"INFOPLIST_KEY_UIApplicationSceneManifest_Generation[sdk=iphoneos*]" = YES;
				"INFOPLIST_KEY_UIApplicationSceneManifest_Generation[sdk=iphonesimulator*]" = YES;
				"INFOPLIST_KEY_UIApplicationSupportsIndirectInputEvents[sdk=iphoneos*]" = YES;
				"INFOPLIST_KEY_UIApplicationSupportsIndirectInputEvents[sdk=iphonesimulator*]" = YES;
				"INFOPLIST_KEY_UILaunchScreen_Generation[sdk=iphoneos*]" = YES;
				"INFOPLIST_KEY_UILaunchScreen_Generation[sdk=iphonesimulator*]" = YES;
				"INFOPLIST_KEY_UIStatusBarStyle[sdk=iphoneos*]" = UIStatusBarStyleDefault;
				"INFOPLIST_KEY_UIStatusBarStyle[sdk=iphonesimulator*]" = UIStatusBarStyleDefault;
				INFOPLIST_KEY_UISupportedInterfaceOrientations_iPad = "UIInterfaceOrientationPortrait UIInterfaceOrientationPortraitUpsideDown UIInterfaceOrientationLandscapeLeft UIInterfaceOrientationLandscapeRight";
				INFOPLIST_KEY_UISupportedInterfaceOrientations_iPhone = "UIInterfaceOrientationPortrait UIInterfaceOrientationLandscapeLeft UIInterfaceOrientationLandscapeRight";
				INFOPLIST_KEY_UIUserInterfaceStyle = Light;
				IPHONEOS_DEPLOYMENT_TARGET = 17.0;
				LD_RUNPATH_SEARCH_PATHS = "@executable_path/Frameworks";
				"LD_RUNPATH_SEARCH_PATHS[sdk=macosx*]" = "@executable_path/../Frameworks";
				MACOSX_DEPLOYMENT_TARGET = 14.0;
				MARKETING_VERSION = 1.0;
				PRODUCT_BUNDLE_IDENTIFIER = com.tymh.MiniBookPlayer;
				PRODUCT_NAME = "$(TARGET_NAME)";
				SDKROOT = auto;
				SUPPORTED_PLATFORMS = "iphoneos iphonesimulator";
				SUPPORTS_MACCATALYST = NO;
				SWIFT_EMIT_LOC_STRINGS = YES;
				SWIFT_VERSION = 5.0;
				TARGETED_DEVICE_FAMILY = "1,2";
			};
			name = Debug;
		};
		A33187362B10DADA006445E4 /* Release */ = {
			isa = XCBuildConfiguration;
			buildSettings = {
				ASSETCATALOG_COMPILER_APPICON_NAME = AppIcon;
				ASSETCATALOG_COMPILER_GLOBAL_ACCENT_COLOR_NAME = AccentColor;
				CODE_SIGN_ENTITLEMENTS = MiniBookPlayer/MiniBookPlayer.entitlements;
				CODE_SIGN_STYLE = Automatic;
				CURRENT_PROJECT_VERSION = 1;
				DEVELOPMENT_ASSET_PATHS = "\"MiniBookPlayer/Preview Content\"";
				DEVELOPMENT_TEAM = TGE7YRQW2V;
				ENABLE_HARDENED_RUNTIME = YES;
				ENABLE_PREVIEWS = YES;
				GENERATE_INFOPLIST_FILE = YES;
				INFOPLIST_FILE = MiniBookPlayer/Info.plist;
				"INFOPLIST_KEY_UIApplicationSceneManifest_Generation[sdk=iphoneos*]" = YES;
				"INFOPLIST_KEY_UIApplicationSceneManifest_Generation[sdk=iphonesimulator*]" = YES;
				"INFOPLIST_KEY_UIApplicationSupportsIndirectInputEvents[sdk=iphoneos*]" = YES;
				"INFOPLIST_KEY_UIApplicationSupportsIndirectInputEvents[sdk=iphonesimulator*]" = YES;
				"INFOPLIST_KEY_UILaunchScreen_Generation[sdk=iphoneos*]" = YES;
				"INFOPLIST_KEY_UILaunchScreen_Generation[sdk=iphonesimulator*]" = YES;
				"INFOPLIST_KEY_UIStatusBarStyle[sdk=iphoneos*]" = UIStatusBarStyleDefault;
				"INFOPLIST_KEY_UIStatusBarStyle[sdk=iphonesimulator*]" = UIStatusBarStyleDefault;
				INFOPLIST_KEY_UISupportedInterfaceOrientations_iPad = "UIInterfaceOrientationPortrait UIInterfaceOrientationPortraitUpsideDown UIInterfaceOrientationLandscapeLeft UIInterfaceOrientationLandscapeRight";
				INFOPLIST_KEY_UISupportedInterfaceOrientations_iPhone = "UIInterfaceOrientationPortrait UIInterfaceOrientationLandscapeLeft UIInterfaceOrientationLandscapeRight";
				INFOPLIST_KEY_UIUserInterfaceStyle = Light;
				IPHONEOS_DEPLOYMENT_TARGET = 17.0;
				LD_RUNPATH_SEARCH_PATHS = "@executable_path/Frameworks";
				"LD_RUNPATH_SEARCH_PATHS[sdk=macosx*]" = "@executable_path/../Frameworks";
				MACOSX_DEPLOYMENT_TARGET = 14.0;
				MARKETING_VERSION = 1.0;
				PRODUCT_BUNDLE_IDENTIFIER = com.tymh.MiniBookPlayer;
				PRODUCT_NAME = "$(TARGET_NAME)";
				SDKROOT = auto;
				SUPPORTED_PLATFORMS = "iphoneos iphonesimulator";
				SUPPORTS_MACCATALYST = NO;
				SWIFT_EMIT_LOC_STRINGS = YES;
				SWIFT_VERSION = 5.0;
				TARGETED_DEVICE_FAMILY = "1,2";
			};
			name = Release;
		};
		A33187382B10DADA006445E4 /* Debug */ = {
			isa = XCBuildConfiguration;
			buildSettings = {
				BUNDLE_LOADER = "$(TEST_HOST)";
				CODE_SIGN_STYLE = Automatic;
				CURRENT_PROJECT_VERSION = 1;
				DEVELOPMENT_TEAM = TGE7YRQW2V;
				GENERATE_INFOPLIST_FILE = YES;
				IPHONEOS_DEPLOYMENT_TARGET = 17.0;
				MACOSX_DEPLOYMENT_TARGET = 14.0;
				MARKETING_VERSION = 1.0;
				PRODUCT_BUNDLE_IDENTIFIER = com.tymh.MiniBookPlayerTests;
				PRODUCT_NAME = "$(TARGET_NAME)";
				SDKROOT = auto;
				SUPPORTED_PLATFORMS = "iphoneos iphonesimulator macosx";
				SWIFT_EMIT_LOC_STRINGS = NO;
				SWIFT_VERSION = 5.0;
				TARGETED_DEVICE_FAMILY = "1,2";
				TEST_HOST = "$(BUILT_PRODUCTS_DIR)/MiniBookPlayer.app/$(BUNDLE_EXECUTABLE_FOLDER_PATH)/MiniBookPlayer";
			};
			name = Debug;
		};
		A33187392B10DADA006445E4 /* Release */ = {
			isa = XCBuildConfiguration;
			buildSettings = {
				BUNDLE_LOADER = "$(TEST_HOST)";
				CODE_SIGN_STYLE = Automatic;
				CURRENT_PROJECT_VERSION = 1;
				DEVELOPMENT_TEAM = TGE7YRQW2V;
				GENERATE_INFOPLIST_FILE = YES;
				IPHONEOS_DEPLOYMENT_TARGET = 17.0;
				MACOSX_DEPLOYMENT_TARGET = 14.0;
				MARKETING_VERSION = 1.0;
				PRODUCT_BUNDLE_IDENTIFIER = com.tymh.MiniBookPlayerTests;
				PRODUCT_NAME = "$(TARGET_NAME)";
				SDKROOT = auto;
				SUPPORTED_PLATFORMS = "iphoneos iphonesimulator macosx";
				SWIFT_EMIT_LOC_STRINGS = NO;
				SWIFT_VERSION = 5.0;
				TARGETED_DEVICE_FAMILY = "1,2";
				TEST_HOST = "$(BUILT_PRODUCTS_DIR)/MiniBookPlayer.app/$(BUNDLE_EXECUTABLE_FOLDER_PATH)/MiniBookPlayer";
			};
			name = Release;
		};
/* End XCBuildConfiguration section */

/* Begin XCConfigurationList section */
		A331870A2B10DAD8006445E4 /* Build configuration list for PBXProject "MiniBookPlayer" */ = {
			isa = XCConfigurationList;
			buildConfigurations = (
				A33187322B10DADA006445E4 /* Debug */,
				A33187332B10DADA006445E4 /* Release */,
			);
			defaultConfigurationIsVisible = 0;
			defaultConfigurationName = Release;
		};
		A33187342B10DADA006445E4 /* Build configuration list for PBXNativeTarget "MiniBookPlayer" */ = {
			isa = XCConfigurationList;
			buildConfigurations = (
				A33187352B10DADA006445E4 /* Debug */,
				A33187362B10DADA006445E4 /* Release */,
			);
			defaultConfigurationIsVisible = 0;
			defaultConfigurationName = Release;
		};
		A33187372B10DADA006445E4 /* Build configuration list for PBXNativeTarget "MiniBookPlayerTests" */ = {
			isa = XCConfigurationList;
			buildConfigurations = (
				A33187382B10DADA006445E4 /* Debug */,
				A33187392B10DADA006445E4 /* Release */,
			);
			defaultConfigurationIsVisible = 0;
			defaultConfigurationName = Release;
		};
/* End XCConfigurationList section */

/* Begin XCRemoteSwiftPackageReference section */
		A331873D2B10DBDD006445E4 /* XCRemoteSwiftPackageReference "swift-composable-architecture" */ = {
			isa = XCRemoteSwiftPackageReference;
			repositoryURL = "https://github.com/pointfreeco/swift-composable-architecture";
			requirement = {
				kind = exactVersion;
				version = 1.17.1;
			};
		};
/* End XCRemoteSwiftPackageReference section */

/* Begin XCSwiftPackageProductDependency section */
		A331873E2B10DBDD006445E4 /* ComposableArchitecture */ = {
			isa = XCSwiftPackageProductDependency;
			package = A331873D2B10DBDD006445E4 /* XCRemoteSwiftPackageReference "swift-composable-architecture" */;
			productName = ComposableArchitecture;
		};
/* End XCSwiftPackageProductDependency section */
	};
	rootObject = A33187072B10DAD8006445E4 /* Project object */;
}
